
Microsoft Visual Studio Solution File, Format Version 12.00
# Visual Studio Version 17
VisualStudioVersion = 17.7.34221.43
MinimumVisualStudioVersion = 10.0.40219.1
Project("{FAE04EC0-301F-11D3-BF4B-00C04F79EFBC}") = "5ParallelTasks", "5ParallelTasks\5ParallelTasks.csproj", "{6E3E827F-8D35-45D9-B31F-8B5F020B5D1E}"
EndProject
Global
	GlobalSection(SolutionConfigurationPlatforms) = preSolution
		Debug|Any CPU = Debug|Any CPU
		Release|Any CPU = Release|Any CPU
	EndGlobalSection
	GlobalSection(ProjectConfigurationPlatforms) = postSolution
		{6E3E827F-8D35-45D9-B31F-8B5F020B5D1E}.Debug|Any CPU.ActiveCfg = Debug|Any CPU
		{6E3E827F-8D35-45D9-B31F-8B5F020B5D1E}.Debug|Any CPU.Build.0 = Debug|Any CPU
		{6E3E827F-8D35-45D9-B31F-8B5F020B5D1E}.Release|Any CPU.ActiveCfg = Release|Any CPU
		{6E3E827F-8D35-45D9-B31F-8B5F020B5D1E}.Release|Any CPU.Build.0 = Release|Any CPU
	EndGlobalSection
	GlobalSection(SolutionProperties) = preSolution
		HideSolutionNode = FALSE
	EndGlobalSection
	GlobalSection(ExtensibilityGlobals) = postSolution
		SolutionGuid = {AE79E1AB-827C-4A94-B4B4-4D13BC89EE30}
	EndGlobalSection
EndGlobal
